
Microsoft Visual Studio Solution File, Format Version 12.00
# Visual Studio Version 17
VisualStudioVersion = 17.12.35514.174
MinimumVisualStudioVersion = 10.0.40219.1
Project("{FAE04EC0-301F-11D3-BF4B-00C04F79EFBC}") = "ControlBee", "ControlBee\ControlBee.csproj", "{DD55D11B-E02F-44CC-829B-FA4D256B51AA}"
EndProject
Project("{FAE04EC0-301F-11D3-BF4B-00C04F79EFBC}") = "ControlBee.Tests", "ControlBee.Tests\ControlBee.Tests.csproj", "{13DEAAC3-FFDA-4239-AD30-B27F8C7527AB}"
EndProject
Project("{FAE04EC0-301F-11D3-BF4B-00C04F79EFBC}") = "DeviceBase", "DeviceBase\DeviceBase.csproj", "{BDF6A4E8-0054-4D8D-B2F6-BA612D8B78D6}"
EndProject
Global
	GlobalSection(SolutionConfigurationPlatforms) = preSolution
		Debug|Any CPU = Debug|Any CPU
		Release|Any CPU = Release|Any CPU
	EndGlobalSection
	GlobalSection(ProjectConfigurationPlatforms) = postSolution
		{DD55D11B-E02F-44CC-829B-FA4D256B51AA}.Debug|Any CPU.ActiveCfg = Debug|Any CPU
		{DD55D11B-E02F-44CC-829B-FA4D256B51AA}.Debug|Any CPU.Build.0 = Debug|Any CPU
		{DD55D11B-E02F-44CC-829B-FA4D256B51AA}.Release|Any CPU.ActiveCfg = Release|Any CPU
		{DD55D11B-E02F-44CC-829B-FA4D256B51AA}.Release|Any CPU.Build.0 = Release|Any CPU
		{13DEAAC3-FFDA-4239-AD30-B27F8C7527AB}.Debug|Any CPU.ActiveCfg = Debug|Any CPU
		{13DEAAC3-FFDA-4239-AD30-B27F8C7527AB}.Debug|Any CPU.Build.0 = Debug|Any CPU
		{13DEAAC3-FFDA-4239-AD30-B27F8C7527AB}.Release|Any CPU.ActiveCfg = Release|Any CPU
		{13DEAAC3-FFDA-4239-AD30-B27F8C7527AB}.Release|Any CPU.Build.0 = Release|Any CPU
		{BDF6A4E8-0054-4D8D-B2F6-BA612D8B78D6}.Debug|Any CPU.ActiveCfg = Debug|Any CPU
		{BDF6A4E8-0054-4D8D-B2F6-BA612D8B78D6}.Debug|Any CPU.Build.0 = Debug|Any CPU
		{BDF6A4E8-0054-4D8D-B2F6-BA612D8B78D6}.Release|Any CPU.ActiveCfg = Release|Any CPU
		{BDF6A4E8-0054-4D8D-B2F6-BA612D8B78D6}.Release|Any CPU.Build.0 = Release|Any CPU
	EndGlobalSection
	GlobalSection(SolutionProperties) = preSolution
		HideSolutionNode = FALSE
	EndGlobalSection
EndGlobal
